
Microsoft Visual Studio Solution File, Format Version 12.00
# Visual Studio Version 17
VisualStudioVersion = 17.14.36623.8 d17.14
MinimumVisualStudioVersion = 10.0.40219.1
Project("{FAE04EC0-301F-11D3-BF4B-00C04F79EFBC}") = "DemoChatSignalR.Server", "DemoChatSignalR.Server\DemoChatSignalR.Server.csproj", "{1CDFFBEB-7D28-4CBF-95CE-910B7C3D0579}"
EndProject
Project("{FAE04EC0-301F-11D3-BF4B-00C04F79EFBC}") = "DempChatSignalR.Shared", "DempChatSignalR.Shared\DempChatSignalR.Shared.csproj", "{6404BBF6-89B2-40BA-B953-4B2EDF8A4329}"
EndProject
Project("{FAE04EC0-301F-11D3-BF4B-00C04F79EFBC}") = "DemoChatSignalR.Client", "DemoChatSignalR.Client\DemoChatSignalR.Client.csproj", "{599509FB-4193-400A-9C19-4A6CC36C2541}"
EndProject
Global
	GlobalSection(SolutionConfigurationPlatforms) = preSolution
		Debug|Any CPU = Debug|Any CPU
		Release|Any CPU = Release|Any CPU
	EndGlobalSection
	GlobalSection(ProjectConfigurationPlatforms) = postSolution
		{1CDFFBEB-7D28-4CBF-95CE-910B7C3D0579}.Debug|Any CPU.ActiveCfg = Debug|Any CPU
		{1CDFFBEB-7D28-4CBF-95CE-910B7C3D0579}.Debug|Any CPU.Build.0 = Debug|Any CPU
		{1CDFFBEB-7D28-4CBF-95CE-910B7C3D0579}.Release|Any CPU.ActiveCfg = Release|Any CPU
		{1CDFFBEB-7D28-4CBF-95CE-910B7C3D0579}.Release|Any CPU.Build.0 = Release|Any CPU
		{6404BBF6-89B2-40BA-B953-4B2EDF8A4329}.Debug|Any CPU.ActiveCfg = Debug|Any CPU
		{6404BBF6-89B2-40BA-B953-4B2EDF8A4329}.Debug|Any CPU.Build.0 = Debug|Any CPU
		{6404BBF6-89B2-40BA-B953-4B2EDF8A4329}.Release|Any CPU.ActiveCfg = Release|Any CPU
		{6404BBF6-89B2-40BA-B953-4B2EDF8A4329}.Release|Any CPU.Build.0 = Release|Any CPU
		{599509FB-4193-400A-9C19-4A6CC36C2541}.Debug|Any CPU.ActiveCfg = Debug|Any CPU
		{599509FB-4193-400A-9C19-4A6CC36C2541}.Debug|Any CPU.Build.0 = Debug|Any CPU
		{599509FB-4193-400A-9C19-4A6CC36C2541}.Release|Any CPU.ActiveCfg = Release|Any CPU
		{599509FB-4193-400A-9C19-4A6CC36C2541}.Release|Any CPU.Build.0 = Release|Any CPU
	EndGlobalSection
	GlobalSection(SolutionProperties) = preSolution
		HideSolutionNode = FALSE
	EndGlobalSection
	GlobalSection(ExtensibilityGlobals) = postSolution
		SolutionGuid = {FCDDE488-9F42-4E9C-AD18-7B5F304BDBED}
	EndGlobalSection
EndGlobal
